dependencies:
- name: grafana-agent
  repository: https://grafana.github.io/helm-charts
  version: 0.44.2
- name: grafana-agent
  repository: https://grafana.github.io/helm-charts
  version: 0.44.2
- name: grafana-agent
  repository: https://grafana.github.io/helm-charts
  version: 0.44.2
- name: kube-state-metrics
  repository: https://prometheus-community.github.io/helm-charts
  version: 5.15.3
- name: prometheus-node-exporter
  repository: https://prometheus-community.github.io/helm-charts
  version: 4.25.0
- name: prometheus-operator-crds
  repository: https://prometheus-community.github.io/helm-charts
  version: 8.0.1
- name: prometheus-windows-exporter
  repository: https://prometheus-community.github.io/helm-charts
  version: 0.1.2
- name: opencost
  repository: https://opencost.github.io/opencost-helm-chart
  version: 1.28.0
digest: sha256:d33d24eedd68b112a23bef47b6f9f4209ce645b19b5a827fdf58ab217fd55f93
generated: "2026-09-13T00:18:08.249274929Z"
